<?xml version="1.0" encoding="UTF-8"?>
<!DOCTYPE plist PUBLIC "-//Apple//DTD PLIST 1.0//EN" "http://www.apple.com/DTDs/PropertyList-1.0.dtd">
<plist version="1.0">
<dict>
	<key>archiveVersion</key>
	<string>1</string>
	<key>classes</key>
	<dict/>
	<key>objectVersion</key>
	<string>46</string>
	<key>objects</key>
	<dict>
		<key>3F00D9B1193DC363000DDADD</key>
		<dict>
			<key>fileEncoding</key>
			<string>4</string>
			<key>isa</key>
			<string>PBXFileReference</string>
			<key>lastKnownFileType</key>
			<string>sourcecode.c.h</string>
			<key>path</key>
			<string>Person.h</string>
			<key>sourceTree</key>
			<string>&lt;group&gt;</string>
		</dict>
		<key>3F00D9B2193DC363000DDADD</key>
		<dict>
			<key>fileEncoding</key>
			<string>4</string>
			<key>isa</key>
			<string>PBXFileReference</string>
			<key>lastKnownFileType</key>
			<string>sourcecode.c.objc</string>
			<key>path</key>
			<string>Person.m</string>
			<key>sourceTree</key>
			<string>&lt;group&gt;</string>
		</dict>
		<key>3F00D9B3193DC363000DDADD</key>
		<dict>
			<key>fileRef</key>
			<string>3F00D9B2193DC363000DDADD</string>
			<key>isa</key>
			<string>PBXBuildFile</string>
		</dict>
		<key>3F00D9B4193DC461000DDADD</key>
		<dict>
			<key>children</key>
			<array>
				<string>3F073068193CD20F007E1A3A</string>
				<string>3F073069193CD20F007E1A3A</string>
				<string>3F00D9B1193DC363000DDADD</string>
				<string>3F00D9B2193DC363000DDADD</string>
				<string>3F00D9B5193DE8C5000DDADD</string>
				<string>3F00D9B6193DE8C5000DDADD</string>
			</array>
			<key>isa</key>
			<string>PBXGroup</string>
			<key>name</key>
			<string>Model</string>
			<key>path</key>
			<string>Model</string>
			<key>sourceTree</key>
			<string>&lt;group&gt;</string>
		</dict>
		<key>3F00D9B5193DE8C5000DDADD</key>
		<dict>
			<key>fileEncoding</key>
			<string>4</string>
			<key>isa</key>
			<string>PBXFileReference</string>
			<key>lastKnownFileType</key>
			<string>sourcecode.c.h</string>
			<key>path</key>
			<string>EuroConverter.h</string>
			<key>sourceTree</key>
			<string>&lt;group&gt;</string>
		</dict>
		<key>3F00D9B6193DE8C5000DDADD</key>
		<dict>
			<key>fileEncoding</key>
			<string>4</string>
			<key>isa</key>
			<string>PBXFileReference</string>
			<key>lastKnownFileType</key>
			<string>sourcecode.c.objc</string>
			<key>path</key>
			<string>EuroConverter.m</string>
			<key>sourceTree</key>
			<string>&lt;group&gt;</string>
		</dict>
		<key>3F00D9B7193DE8C5000DDADD</key>
		<dict>
			<key>fileRef</key>
			<string>3F00D9B6193DE8C5000DDADD</string>
			<key>isa</key>
			<string>PBXBuildFile</string>
		</dict>
		<key>3F00D9B8193E047B000DDADD</key>
		<dict>
			<key>fileEncoding</key>
			<string>4</string>
			<key>isa</key>
			<string>PBXFileReference</string>
			<key>lastKnownFileType</key>
			<string>file.storyboard</string>
			<key>path</key>
			<string>Storyboard.storyboard</string>
			<key>sourceTree</key>
			<string>&lt;group&gt;</string>
		</dict>
		<key>3F00D9B9193E047B000DDADD</key>
		<dict>
			<key>fileRef</key>
			<string>3F00D9B8193E047B000DDADD</string>
			<key>isa</key>
			<string>PBXBuildFile</string>
		</dict>
		<key>3F00D9BA193E08BA000DDADD</key>
		<dict>
			<key>children</key>
			<array>
				<string>3F00D9B8193E047B000DDADD</string>
			</array>
			<key>isa</key>
			<string>PBXGroup</string>
			<key>name</key>
			<string>View</string>
			<key>path</key>
			<string>View</string>
			<key>sourceTree</key>
			<string>&lt;group&gt;</string>
		</dict>
		<key>3F00D9BB193E08C1000DDADD</key>
		<dict>
			<key>children</key>
			<array>
				<string>3F5DA122193E0B8800A7B3DF</string>
				<string>3F5DA123193E0B8800A7B3DF</string>
				<string>3F5DA125193E0CB300A7B3DF</string>
				<string>3F5DA126193E0CB300A7B3DF</string>
				<string>3FF90AF5193E25CE00598BBA</string>
				<string>3FF90AF6193E25CE00598BBA</string>
			</array>
			<key>isa</key>
			<string>PBXGroup</string>
			<key>name</key>
			<string>Controller</string>
			<key>path</key>
			<string>Controller</string>
			<key>sourceTree</key>
			<string>&lt;group&gt;</string>
		</dict>
		<key>3F07302D193CCFFD007E1A3A</key>
		<dict>
			<key>children</key>
			<array>
				<string>3F07303F193CCFFD007E1A3A</string>
				<string>3F073058193CCFFD007E1A3A</string>
				<string>3F073038193CCFFD007E1A3A</string>
				<string>3F073037193CCFFD007E1A3A</string>
			</array>
			<key>isa</key>
			<string>PBXGroup</string>
			<key>sourceTree</key>
			<string>&lt;group&gt;</string>
		</dict>
		<key>3F07302E193CCFFD007E1A3A</key>
		<dict>
			<key>attributes</key>
			<dict>
				<key>LastUpgradeCheck</key>
				<string>0510</string>
				<key>ORGANIZATIONNAME</key>
				<string>ironhack</string>
				<key>TargetAttributes</key>
				<dict>
					<key>3F073050193CCFFD007E1A3A</key>
					<dict>
						<key>TestTargetID</key>
						<string>3F073035193CCFFD007E1A3A</string>
					</dict>
				</dict>
			</dict>
			<key>buildConfigurationList</key>
			<string>3F073031193CCFFD007E1A3A</string>
			<key>compatibilityVersion</key>
			<string>Xcode 3.2</string>
			<key>developmentRegion</key>
			<string>English</string>
			<key>hasScannedForEncodings</key>
			<string>0</string>
			<key>isa</key>
			<string>PBXProject</string>
			<key>knownRegions</key>
			<array>
				<string>en</string>
			</array>
			<key>mainGroup</key>
			<string>3F07302D193CCFFD007E1A3A</string>
			<key>productRefGroup</key>
			<string>3F073037193CCFFD007E1A3A</string>
			<key>projectDirPath</key>
			<string></string>
			<key>projectReferences</key>
			<array/>
			<key>projectRoot</key>
			<string></string>
			<key>targets</key>
			<array>
				<string>3F073035193CCFFD007E1A3A</string>
				<string>3F073050193CCFFD007E1A3A</string>
			</array>
		</dict>
		<key>3F073031193CCFFD007E1A3A</key>
		<dict>
			<key>buildConfigurations</key>
			<array>
				<string>3F073060193CCFFD007E1A3A</string>
				<string>3F073061193CCFFD007E1A3A</string>
			</array>
			<key>defaultConfigurationIsVisible</key>
			<string>0</string>
			<key>defaultConfigurationName</key>
			<string>Release</string>
			<key>isa</key>
			<string>XCConfigurationList</string>
		</dict>
		<key>3F073032193CCFFD007E1A3A</key>
		<dict>
			<key>buildActionMask</key>
			<string>2147483647</string>
			<key>files</key>
			<array>
				<string>3F07306A193CD20F007E1A3A</string>
				<string>3F5DA124193E0B8800A7B3DF</string>
				<string>3F5DA127193E0CB300A7B3DF</string>
				<string>3F07304A193CCFFD007E1A3A</string>
				<string>3F00D9B3193DC363000DDADD</string>
				<string>3FF90AF7193E25CE00598BBA</string>
				<string>3F00D9B7193DE8C5000DDADD</string>
				<string>3F073046193CCFFD007E1A3A</string>
			</array>
			<key>isa</key>
			<string>PBXSourcesBuildPhase</string>
			<key>runOnlyForDeploymentPostprocessing</key>
			<string>0</string>
		</dict>
		<key>3F073033193CCFFD007E1A3A</key>
		<dict>
			<key>buildActionMask</key>
			<string>2147483647</string>
			<key>files</key>
			<array>
				<string>3F07303C193CCFFD007E1A3A</string>
				<string>3F07303E193CCFFD007E1A3A</string>
				<string>3F07303A193CCFFD007E1A3A</string>
			</array>
			<key>isa</key>
			<string>PBXFrameworksBuildPhase</string>
			<key>runOnlyForDeploymentPostprocessing</key>
			<string>0</string>
		</dict>
		<key>3F073034193CCFFD007E1A3A</key>
		<dict>
			<key>buildActionMask</key>
			<string>2147483647</string>
			<key>files</key>
			<array>
				<string>3FF90AFB193E2C6C00598BBA</string>
				<string>3FF90AF9193E28CC00598BBA</string>
				<string>3F073044193CCFFD007E1A3A</string>
				<string>3F07304C193CCFFD007E1A3A</string>
				<string>3F00D9B9193E047B000DDADD</string>
			</array>
			<key>isa</key>
			<string>PBXResourcesBuildPhase</string>
			<key>runOnlyForDeploymentPostprocessing</key>
			<string>0</string>
		</dict>
		<key>3F073035193CCFFD007E1A3A</key>
		<dict>
			<key>buildConfigurationList</key>
			<string>3F073062193CCFFD007E1A3A</string>
			<key>buildPhases</key>
			<array>
				<string>3F073032193CCFFD007E1A3A</string>
				<string>3F073033193CCFFD007E1A3A</string>
				<string>3F073034193CCFFD007E1A3A</string>
			</array>
			<key>buildRules</key>
			<array/>
			<key>dependencies</key>
			<array/>
			<key>isa</key>
			<string>PBXNativeTarget</string>
			<key>name</key>
			<string>Beers</string>
			<key>productName</key>
			<string>Beers</string>
			<key>productReference</key>
			<string>3F073036193CCFFD007E1A3A</string>
			<key>productType</key>
			<string>com.apple.product-type.application</string>
		</dict>
		<key>3F073036193CCFFD007E1A3A</key>
		<dict>
			<key>explicitFileType</key>
			<string>wrapper.application</string>
			<key>includeInIndex</key>
			<string>0</string>
			<key>isa</key>
			<string>PBXFileReference</string>
			<key>path</key>
			<string>Beers.app</string>
			<key>sourceTree</key>
			<string>BUILT_PRODUCTS_DIR</string>
		</dict>
		<key>3F073037193CCFFD007E1A3A</key>
		<dict>
			<key>children</key>
			<array>
				<string>3F073036193CCFFD007E1A3A</string>
				<string>3F073051193CCFFD007E1A3A</string>
			</array>
			<key>isa</key>
			<string>PBXGroup</string>
			<key>name</key>
			<string>Products</string>
			<key>sourceTree</key>
			<string>&lt;group&gt;</string>
		</dict>
		<key>3F073038193CCFFD007E1A3A</key>
		<dict>
			<key>children</key>
			<array>
				<string>3F073039193CCFFD007E1A3A</string>
				<string>3F07303B193CCFFD007E1A3A</string>
				<string>3F07303D193CCFFD007E1A3A</string>
				<string>3F073052193CCFFD007E1A3A</string>
			</array>
			<key>isa</key>
			<string>PBXGroup</string>
			<key>name</key>
			<string>Frameworks</string>
			<key>sourceTree</key>
			<string>&lt;group&gt;</string>
		</dict>
		<key>3F073039193CCFFD007E1A3A</key>
		<dict>
			<key>isa</key>
			<string>PBXFileReference</string>
			<key>lastKnownFileType</key>
			<string>wrapper.framework</string>
			<key>name</key>
			<string>Foundation.framework</string>
			<key>path</key>
			<string>System/Library/Frameworks/Foundation.framework</string>
			<key>sourceTree</key>
			<string>SDKROOT</string>
		</dict>
		<key>3F07303A193CCFFD007E1A3A</key>
		<dict>
			<key>fileRef</key>
			<string>3F073039193CCFFD007E1A3A</string>
			<key>isa</key>
			<string>PBXBuildFile</string>
		</dict>
		<key>3F07303B193CCFFD007E1A3A</key>
		<dict>
			<key>isa</key>
			<string>PBXFileReference</string>
			<key>lastKnownFileType</key>
			<string>wrapper.framework</string>
			<key>name</key>
			<string>CoreGraphics.framework</string>
			<key>path</key>
			<string>System/Library/Frameworks/CoreGraphics.framework</string>
			<key>sourceTree</key>
			<string>SDKROOT</string>
		</dict>
		<key>3F07303C193CCFFD007E1A3A</key>
		<dict>
			<key>fileRef</key>
			<string>3F07303B193CCFFD007E1A3A</string>
			<key>isa</key>
			<string>PBXBuildFile</string>
		</dict>
		<key>3F07303D193CCFFD007E1A3A</key>
		<dict>
			<key>isa</key>
			<string>PBXFileReference</string>
			<key>lastKnownFileType</key>
			<string>wrapper.framework</string>
			<key>name</key>
			<string>UIKit.framework</string>
			<key>path</key>
			<string>System/Library/Frameworks/UIKit.framework</string>
			<key>sourceTree</key>
			<string>SDKROOT</string>
		</dict>
		<key>3F07303E193CCFFD007E1A3A</key>
		<dict>
			<key>fileRef</key>
			<string>3F07303D193CCFFD007E1A3A</string>
			<key>isa</key>
			<string>PBXBuildFile</string>
		</dict>
		<key>3F07303F193CCFFD007E1A3A</key>
		<dict>
			<key>children</key>
			<array>
				<string>3F073048193CCFFD007E1A3A</string>
				<string>3F073049193CCFFD007E1A3A</string>
				<string>3F00D9BB193E08C1000DDADD</string>
				<string>3F00D9BA193E08BA000DDADD</string>
				<string>3F00D9B4193DC461000DDADD</string>
				<string>3F07304B193CCFFD007E1A3A</string>
				<string>3FCB5DEA193F037E008A39B9</string>
				<string>3F073040193CCFFD007E1A3A</string>
			</array>
			<key>isa</key>
			<string>PBXGroup</string>
			<key>path</key>
			<string>Beers</string>
			<key>sourceTree</key>
			<string>&lt;group&gt;</string>
		</dict>
		<key>3F073040193CCFFD007E1A3A</key>
		<dict>
			<key>children</key>
			<array>
				<string>3F073041193CCFFD007E1A3A</string>
				<string>3F073042193CCFFD007E1A3A</string>
				<string>3F073045193CCFFD007E1A3A</string>
				<string>3F073047193CCFFD007E1A3A</string>
			</array>
			<key>isa</key>
			<string>PBXGroup</string>
			<key>name</key>
			<string>Supporting Files</string>
			<key>path</key>
			<string>Supporting Files</string>
			<key>sourceTree</key>
			<string>&lt;group&gt;</string>
		</dict>
		<key>3F073041193CCFFD007E1A3A</key>
		<dict>
			<key>isa</key>
			<string>PBXFileReference</string>
			<key>lastKnownFileType</key>
			<string>text.plist.xml</string>
			<key>path</key>
			<string>Beers-Info.plist</string>
			<key>sourceTree</key>
			<string>&lt;group&gt;</string>
		</dict>
		<key>3F073042193CCFFD007E1A3A</key>
		<dict>
			<key>children</key>
			<array>
				<string>3F073043193CCFFD007E1A3A</string>
			</array>
			<key>isa</key>
			<string>PBXVariantGroup</string>
			<key>name</key>
			<string>InfoPlist.strings</string>
			<key>sourceTree</key>
			<string>&lt;group&gt;</string>
		</dict>
		<key>3F073043193CCFFD007E1A3A</key>
		<dict>
			<key>isa</key>
			<string>PBXFileReference</string>
			<key>lastKnownFileType</key>
			<string>text.plist.strings</string>
			<key>name</key>
			<string>en</string>
			<key>path</key>
			<string>en.lproj/InfoPlist.strings</string>
			<key>sourceTree</key>
			<string>&lt;group&gt;</string>
		</dict>
		<key>3F073044193CCFFD007E1A3A</key>
		<dict>
			<key>fileRef</key>
			<string>3F073042193CCFFD007E1A3A</string>
			<key>isa</key>
			<string>PBXBuildFile</string>
		</dict>
		<key>3F073045193CCFFD007E1A3A</key>
		<dict>
			<key>isa</key>
			<string>PBXFileReference</string>
			<key>lastKnownFileType</key>
			<string>sourcecode.c.objc</string>
			<key>path</key>
			<string>main.m</string>
			<key>sourceTree</key>
			<string>&lt;group&gt;</string>
		</dict>
		<key>3F073046193CCFFD007E1A3A</key>
		<dict>
			<key>fileRef</key>
			<string>3F073045193CCFFD007E1A3A</string>
			<key>isa</key>
			<string>PBXBuildFile</string>
		</dict>
		<key>3F073047193CCFFD007E1A3A</key>
		<dict>
			<key>isa</key>
			<string>PBXFileReference</string>
			<key>lastKnownFileType</key>
			<string>sourcecode.c.h</string>
			<key>path</key>
			<string>Beers-Prefix.pch</string>
			<key>sourceTree</key>
			<string>&lt;group&gt;</string>
		</dict>
		<key>3F073048193CCFFD007E1A3A</key>
		<dict>
			<key>isa</key>
			<string>PBXFileReference</string>
			<key>lastKnownFileType</key>
			<string>sourcecode.c.h</string>
			<key>path</key>
			<string>AppDelegate.h</string>
			<key>sourceTree</key>
			<string>&lt;group&gt;</string>
		</dict>
		<key>3F073049193CCFFD007E1A3A</key>
		<dict>
			<key>isa</key>
			<string>PBXFileReference</string>
			<key>lastKnownFileType</key>
			<string>sourcecode.c.objc</string>
			<key>path</key>
			<string>AppDelegate.m</string>
			<key>sourceTree</key>
			<string>&lt;group&gt;</string>
		</dict>
		<key>3F07304A193CCFFD007E1A3A</key>
		<dict>
			<key>fileRef</key>
			<string>3F073049193CCFFD007E1A3A</string>
			<key>isa</key>
			<string>PBXBuildFile</string>
		</dict>
		<key>3F07304B193CCFFD007E1A3A</key>
		<dict>
			<key>isa</key>
			<string>PBXFileReference</string>
			<key>lastKnownFileType</key>
			<string>folder.assetcatalog</string>
			<key>path</key>
			<string>Images.xcassets</string>
			<key>sourceTree</key>
			<string>&lt;group&gt;</string>
		</dict>
		<key>3F07304C193CCFFD007E1A3A</key>
		<dict>
			<key>fileRef</key>
			<string>3F07304B193CCFFD007E1A3A</string>
			<key>isa</key>
			<string>PBXBuildFile</string>
		</dict>
		<key>3F07304D193CCFFD007E1A3A</key>
		<dict>
			<key>buildActionMask</key>
			<string>2147483647</string>
			<key>files</key>
			<array>
				<string>3F07305F193CCFFD007E1A3A</string>
			</array>
			<key>isa</key>
			<string>PBXSourcesBuildPhase</string>
			<key>runOnlyForDeploymentPostprocessing</key>
			<string>0</string>
		</dict>
		<key>3F07304E193CCFFD007E1A3A</key>
		<dict>
			<key>buildActionMask</key>
			<string>2147483647</string>
			<key>files</key>
			<array>
				<string>3F073053193CCFFD007E1A3A</string>
				<string>3F073055193CCFFD007E1A3A</string>
				<string>3F073054193CCFFD007E1A3A</string>
			</array>
			<key>isa</key>
			<string>PBXFrameworksBuildPhase</string>
			<key>runOnlyForDeploymentPostprocessing</key>
			<string>0</string>
		</dict>
		<key>3F07304F193CCFFD007E1A3A</key>
		<dict>
			<key>buildActionMask</key>
			<string>2147483647</string>
			<key>files</key>
			<array>
				<string>3F07305D193CCFFD007E1A3A</string>
			</array>
			<key>isa</key>
			<string>PBXResourcesBuildPhase</string>
			<key>runOnlyForDeploymentPostprocessing</key>
			<string>0</string>
		</dict>
		<key>3F073050193CCFFD007E1A3A</key>
		<dict>
			<key>buildConfigurationList</key>
			<string>3F073065193CCFFD007E1A3A</string>
			<key>buildPhases</key>
			<array>
				<string>3F07304D193CCFFD007E1A3A</string>
				<string>3F07304E193CCFFD007E1A3A</string>
				<string>3F07304F193CCFFD007E1A3A</string>
			</array>
			<key>buildRules</key>
			<array/>
			<key>dependencies</key>
			<array>
				<string>3F073057193CCFFD007E1A3A</string>
			</array>
			<key>isa</key>
			<string>PBXNativeTarget</string>
			<key>name</key>
			<string>BeersTests</string>
			<key>productName</key>
			<string>BeersTests</string>
			<key>productReference</key>
			<string>3F073051193CCFFD007E1A3A</string>
			<key>productType</key>
			<string>com.apple.product-type.bundle.unit-test</string>
		</dict>
		<key>3F073051193CCFFD007E1A3A</key>
		<dict>
			<key>explicitFileType</key>
			<string>wrapper.cfbundle</string>
			<key>includeInIndex</key>
			<string>0</string>
			<key>isa</key>
			<string>PBXFileReference</string>
			<key>path</key>
			<string>BeersTests.xctest</string>
			<key>sourceTree</key>
			<string>BUILT_PRODUCTS_DIR</string>
		</dict>
		<key>3F073052193CCFFD007E1A3A</key>
		<dict>
			<key>isa</key>
			<string>PBXFileReference</string>
			<key>lastKnownFileType</key>
			<string>wrapper.framework</string>
			<key>name</key>
			<string>XCTest.framework</string>
			<key>path</key>
			<string>Library/Frameworks/XCTest.framework</string>
			<key>sourceTree</key>
			<string>DEVELOPER_DIR</string>
		</dict>
		<key>3F073053193CCFFD007E1A3A</key>
		<dict>
			<key>fileRef</key>
			<string>3F073052193CCFFD007E1A3A</string>
			<key>isa</key>
			<string>PBXBuildFile</string>
		</dict>
		<key>3F073054193CCFFD007E1A3A</key>
		<dict>
			<key>fileRef</key>
			<string>3F073039193CCFFD007E1A3A</string>
			<key>isa</key>
			<string>PBXBuildFile</string>
		</dict>
		<key>3F073055193CCFFD007E1A3A</key>
		<dict>
			<key>fileRef</key>
			<string>3F07303D193CCFFD007E1A3A</string>
			<key>isa</key>
			<string>PBXBuildFile</string>
		</dict>
		<key>3F073056193CCFFD007E1A3A</key>
		<dict>
			<key>containerPortal</key>
			<string>3F07302E193CCFFD007E1A3A</string>
			<key>isa</key>
			<string>PBXContainerItemProxy</string>
			<key>proxyType</key>
			<string>1</string>
			<key>remoteGlobalIDString</key>
			<string>3F073035193CCFFD007E1A3A</string>
			<key>remoteInfo</key>
			<string>Beers</string>
		</dict>
		<key>3F073057193CCFFD007E1A3A</key>
		<dict>
			<key>isa</key>
			<string>PBXTargetDependency</string>
			<key>target</key>
			<string>3F073035193CCFFD007E1A3A</string>
			<key>targetProxy</key>
			<string>3F073056193CCFFD007E1A3A</string>
		</dict>
		<key>3F073058193CCFFD007E1A3A</key>
		<dict>
			<key>children</key>
			<array>
				<string>3F07305E193CCFFD007E1A3A</string>
				<string>3F073059193CCFFD007E1A3A</string>
			</array>
			<key>isa</key>
			<string>PBXGroup</string>
			<key>path</key>
			<string>BeersTests</string>
			<key>sourceTree</key>
			<string>&lt;group&gt;</string>
		</dict>
		<key>3F073059193CCFFD007E1A3A</key>
		<dict>
			<key>children</key>
			<array>
				<string>3F07305A193CCFFD007E1A3A</string>
				<string>3F07305B193CCFFD007E1A3A</string>
			</array>
			<key>isa</key>
			<string>PBXGroup</string>
			<key>name</key>
			<string>Supporting Files</string>
			<key>path</key>
			<string>Supporting Files</string>
			<key>sourceTree</key>
			<string>&lt;group&gt;</string>
		</dict>
		<key>3F07305A193CCFFD007E1A3A</key>
		<dict>
			<key>isa</key>
			<string>PBXFileReference</string>
			<key>lastKnownFileType</key>
			<string>text.plist.xml</string>
			<key>path</key>
			<string>BeersTests-Info.plist</string>
			<key>sourceTree</key>
			<string>&lt;group&gt;</string>
		</dict>
		<key>3F07305B193CCFFD007E1A3A</key>
		<dict>
			<key>children</key>
			<array>
				<string>3F07305C193CCFFD007E1A3A</string>
			</array>
			<key>isa</key>
			<string>PBXVariantGroup</string>
			<key>name</key>
			<string>InfoPlist.strings</string>
			<key>sourceTree</key>
			<string>&lt;group&gt;</string>
		</dict>
		<key>3F07305C193CCFFD007E1A3A</key>
		<dict>
			<key>isa</key>
			<string>PBXFileReference</string>
			<key>lastKnownFileType</key>
			<string>text.plist.strings</string>
			<key>name</key>
			<string>en</string>
			<key>path</key>
			<string>en.lproj/InfoPlist.strings</string>
			<key>sourceTree</key>
			<string>&lt;group&gt;</string>
		</dict>
		<key>3F07305D193CCFFD007E1A3A</key>
		<dict>
			<key>fileRef</key>
			<string>3F07305B193CCFFD007E1A3A</string>
			<key>isa</key>
			<string>PBXBuildFile</string>
		</dict>
		<key>3F07305E193CCFFD007E1A3A</key>
		<dict>
			<key>isa</key>
			<string>PBXFileReference</string>
			<key>lastKnownFileType</key>
			<string>sourcecode.c.objc</string>
			<key>path</key>
			<string>BeersTests.m</string>
			<key>sourceTree</key>
			<string>&lt;group&gt;</string>
		</dict>
		<key>3F07305F193CCFFD007E1A3A</key>
		<dict>
			<key>fileRef</key>
			<string>3F07305E193CCFFD007E1A3A</string>
			<key>isa</key>
			<string>PBXBuildFile</string>
		</dict>
		<key>3F073060193CCFFD007E1A3A</key>
		<dict>
			<key>buildSettings</key>
			<dict>
				<key>ALWAYS_SEARCH_USER_PATHS</key>
				<string>NO</string>
				<key>CLANG_CXX_LANGUAGE_STANDARD</key>
				<string>gnu++0x</string>
				<key>CLANG_CXX_LIBRARY</key>
				<string>libc++</string>
				<key>CLANG_ENABLE_MODULES</key>
				<string>YES</string>
				<key>CLANG_ENABLE_OBJC_ARC</key>
				<string>YES</string>
				<key>CLANG_WARN_BOOL_CONVERSION</key>
				<string>YES</string>
				<key>CLANG_WARN_CONSTANT_CONVERSION</key>
				<string>YES</string>
				<key>CLANG_WARN_DIRECT_OBJC_ISA_USAGE</key>
				<string>YES_ERROR</string>
				<key>CLANG_WARN_EMPTY_BODY</key>
				<string>YES</string>
				<key>CLANG_WARN_ENUM_CONVERSION</key>
				<string>YES</string>
				<key>CLANG_WARN_INT_CONVERSION</key>
				<string>YES</string>
				<key>CLANG_WARN_OBJC_ROOT_CLASS</key>
				<string>YES_ERROR</string>
				<key>CLANG_WARN__DUPLICATE_METHOD_MATCH</key>
				<string>YES</string>
				<key>CODE_SIGN_IDENTITY[sdk=iphoneos*]</key>
				<string>iPhone Developer</string>
				<key>COPY_PHASE_STRIP</key>
				<string>NO</string>
				<key>GCC_C_LANGUAGE_STANDARD</key>
				<string>gnu99</string>
				<key>GCC_DYNAMIC_NO_PIC</key>
				<string>NO</string>
				<key>GCC_OPTIMIZATION_LEVEL</key>
				<string>0</string>
				<key>GCC_PREPROCESSOR_DEFINITIONS</key>
				<array>
					<string>DEBUG=1</string>
					<string>$(inherited)</string>
				</array>
				<key>GCC_SYMBOLS_PRIVATE_EXTERN</key>
				<string>NO</string>
				<key>GCC_WARN_64_TO_32_BIT_CONVERSION</key>
				<string>YES</string>
				<key>GCC_WARN_ABOUT_RETURN_TYPE</key>
				<string>YES_ERROR</string>
				<key>GCC_WARN_UNDECLARED_SELECTOR</key>
				<string>YES</string>
				<key>GCC_WARN_UNINITIALIZED_AUTOS</key>
				<string>YES_AGGRESSIVE</string>
				<key>GCC_WARN_UNUSED_FUNCTION</key>
				<string>YES</string>
				<key>GCC_WARN_UNUSED_VARIABLE</key>
				<string>YES</string>
				<key>IPHONEOS_DEPLOYMENT_TARGET</key>
				<string>7.1</string>
				<key>ONLY_ACTIVE_ARCH</key>
				<string>YES</string>
				<key>SDKROOT</key>
				<string>iphoneos</string>
			</dict>
			<key>isa</key>
			<string>XCBuildConfiguration</string>
			<key>name</key>
			<string>Debug</string>
		</dict>
		<key>3F073061193CCFFD007E1A3A</key>
		<dict>
			<key>buildSettings</key>
			<dict>
				<key>ALWAYS_SEARCH_USER_PATHS</key>
				<string>NO</string>
				<key>CLANG_CXX_LANGUAGE_STANDARD</key>
				<string>gnu++0x</string>
				<key>CLANG_CXX_LIBRARY</key>
				<string>libc++</string>
				<key>CLANG_ENABLE_MODULES</key>
				<string>YES</string>
				<key>CLANG_ENABLE_OBJC_ARC</key>
				<string>YES</string>
				<key>CLANG_WARN_BOOL_CONVERSION</key>
				<string>YES</string>
				<key>CLANG_WARN_CONSTANT_CONVERSION</key>
				<string>YES</string>
				<key>CLANG_WARN_DIRECT_OBJC_ISA_USAGE</key>
				<string>YES_ERROR</string>
				<key>CLANG_WARN_EMPTY_BODY</key>
				<string>YES</string>
				<key>CLANG_WARN_ENUM_CONVERSION</key>
				<string>YES</string>
				<key>CLANG_WARN_INT_CONVERSION</key>
				<string>YES</string>
				<key>CLANG_WARN_OBJC_ROOT_CLASS</key>
				<string>YES_ERROR</string>
				<key>CLANG_WARN__DUPLICATE_METHOD_MATCH</key>
				<string>YES</string>
				<key>CODE_SIGN_IDENTITY[sdk=iphoneos*]</key>
				<string>iPhone Developer</string>
				<key>COPY_PHASE_STRIP</key>
				<string>YES</string>
				<key>ENABLE_NS_ASSERTIONS</key>
				<string>NO</string>
				<key>GCC_C_LANGUAGE_STANDARD</key>
				<string>gnu99</string>
				<key>GCC_WARN_64_TO_32_BIT_CONVERSION</key>
				<string>YES</string>
				<key>GCC_WARN_ABOUT_RETURN_TYPE</key>
				<string>YES_ERROR</string>
				<key>GCC_WARN_UNDECLARED_SELECTOR</key>
				<string>YES</string>
				<key>GCC_WARN_UNINITIALIZED_AUTOS</key>
				<string>YES_AGGRESSIVE</string>
				<key>GCC_WARN_UNUSED_FUNCTION</key>
				<string>YES</string>
				<key>GCC_WARN_UNUSED_VARIABLE</key>
				<string>YES</string>
				<key>IPHONEOS_DEPLOYMENT_TARGET</key>
				<string>7.1</string>
				<key>SDKROOT</key>
				<string>iphoneos</string>
				<key>VALIDATE_PRODUCT</key>
				<string>YES</string>
			</dict>
			<key>isa</key>
			<string>XCBuildConfiguration</string>
			<key>name</key>
			<string>Release</string>
		</dict>
		<key>3F073062193CCFFD007E1A3A</key>
		<dict>
			<key>buildConfigurations</key>
			<array>
				<string>3F073063193CCFFD007E1A3A</string>
				<string>3F073064193CCFFD007E1A3A</string>
			</array>
			<key>defaultConfigurationIsVisible</key>
			<string>0</string>
			<key>defaultConfigurationName</key>
			<string>Release</string>
			<key>isa</key>
			<string>XCConfigurationList</string>
		</dict>
		<key>3F073063193CCFFD007E1A3A</key>
		<dict>
			<key>buildSettings</key>
			<dict>
				<key>ASSETCATALOG_COMPILER_APPICON_NAME</key>
				<string>AppIcon</string>
				<key>ASSETCATALOG_COMPILER_LAUNCHIMAGE_NAME</key>
				<string>LaunchImage</string>
				<key>GCC_PRECOMPILE_PREFIX_HEADER</key>
				<string>YES</string>
				<key>GCC_PREFIX_HEADER</key>
				<string>Beers/Supporting Files/Beers-Prefix.pch</string>
				<key>INFOPLIST_FILE</key>
				<string>Beers/Supporting Files/Beers-Info.plist</string>
				<key>PRODUCT_NAME</key>
				<string>$(TARGET_NAME)</string>
				<key>WRAPPER_EXTENSION</key>
				<string>app</string>
			</dict>
			<key>isa</key>
			<string>XCBuildConfiguration</string>
			<key>name</key>
			<string>Debug</string>
		</dict>
		<key>3F073064193CCFFD007E1A3A</key>
		<dict>
			<key>buildSettings</key>
			<dict>
				<key>ASSETCATALOG_COMPILER_APPICON_NAME</key>
				<string>AppIcon</string>
				<key>ASSETCATALOG_COMPILER_LAUNCHIMAGE_NAME</key>
				<string>LaunchImage</string>
				<key>GCC_PRECOMPILE_PREFIX_HEADER</key>
				<string>YES</string>
				<key>GCC_PREFIX_HEADER</key>
				<string>Beers/Supporting Files/Beers-Prefix.pch</string>
				<key>INFOPLIST_FILE</key>
				<string>Beers/Supporting Files/Beers-Info.plist</string>
				<key>PRODUCT_NAME</key>
				<string>$(TARGET_NAME)</string>
				<key>WRAPPER_EXTENSION</key>
				<string>app</string>
			</dict>
			<key>isa</key>
			<string>XCBuildConfiguration</string>
			<key>name</key>
			<string>Release</string>
		</dict>
		<key>3F073065193CCFFD007E1A3A</key>
		<dict>
			<key>buildConfigurations</key>
			<array>
				<string>3F073066193CCFFD007E1A3A</string>
				<string>3F073067193CCFFD007E1A3A</string>
			</array>
			<key>defaultConfigurationIsVisible</key>
			<string>0</string>
			<key>defaultConfigurationName</key>
			<string>Release</string>
			<key>isa</key>
			<string>XCConfigurationList</string>
		</dict>
		<key>3F073066193CCFFD007E1A3A</key>
		<dict>
			<key>buildSettings</key>
			<dict>
				<key>BUNDLE_LOADER</key>
				<string>$(BUILT_PRODUCTS_DIR)/Beers.app/Beers</string>
				<key>FRAMEWORK_SEARCH_PATHS</key>
				<array>
					<string>$(SDKROOT)/Developer/Library/Frameworks</string>
					<string>$(inherited)</string>
					<string>$(DEVELOPER_FRAMEWORKS_DIR)</string>
				</array>
				<key>GCC_PRECOMPILE_PREFIX_HEADER</key>
				<string>YES</string>
				<key>GCC_PREFIX_HEADER</key>
				<string>Beers/Supporting Files/Beers-Prefix.pch</string>
				<key>GCC_PREPROCESSOR_DEFINITIONS</key>
				<array>
					<string>DEBUG=1</string>
					<string>$(inherited)</string>
				</array>
				<key>INFOPLIST_FILE</key>
				<string>BeersTests/Supporting Files/BeersTests-Info.plist</string>
				<key>PRODUCT_NAME</key>
				<string>$(TARGET_NAME)</string>
				<key>TEST_HOST</key>
				<string>$(BUNDLE_LOADER)</string>
				<key>WRAPPER_EXTENSION</key>
				<string>xctest</string>
			</dict>
			<key>isa</key>
			<string>XCBuildConfiguration</string>
			<key>name</key>
			<string>Debug</string>
		</dict>
		<key>3F073067193CCFFD007E1A3A</key>
		<dict>
			<key>buildSettings</key>
			<dict>
				<key>BUNDLE_LOADER</key>
				<string>$(BUILT_PRODUCTS_DIR)/Beers.app/Beers</string>
				<key>FRAMEWORK_SEARCH_PATHS</key>
				<array>
					<string>$(SDKROOT)/Developer/Library/Frameworks</string>
					<string>$(inherited)</string>
					<string>$(DEVELOPER_FRAMEWORKS_DIR)</string>
				</array>
				<key>GCC_PRECOMPILE_PREFIX_HEADER</key>
				<string>YES</string>
				<key>GCC_PREFIX_HEADER</key>
				<string>Beers/Supporting Files/Beers-Prefix.pch</string>
				<key>INFOPLIST_FILE</key>
				<string>BeersTests/Supporting Files/BeersTests-Info.plist</string>
				<key>PRODUCT_NAME</key>
				<string>$(TARGET_NAME)</string>
				<key>TEST_HOST</key>
				<string>$(BUNDLE_LOADER)</string>
				<key>WRAPPER_EXTENSION</key>
				<string>xctest</string>
			</dict>
			<key>isa</key>
			<string>XCBuildConfiguration</string>
			<key>name</key>
			<string>Release</string>
		</dict>
		<key>3F073068193CD20F007E1A3A</key>
		<dict>
			<key>fileEncoding</key>
			<string>4</string>
			<key>isa</key>
			<string>PBXFileReference</string>
			<key>lastKnownFileType</key>
			<string>sourcecode.c.h</string>
			<key>name</key>
			<string>Beer.h</string>
			<key>path</key>
			<string>Beer.h</string>
			<key>sourceTree</key>
			<string>&lt;group&gt;</string>
		</dict>
		<key>3F073069193CD20F007E1A3A</key>
		<dict>
			<key>fileEncoding</key>
			<string>4</string>
			<key>isa</key>
			<string>PBXFileReference</string>
			<key>lastKnownFileType</key>
			<string>sourcecode.c.objc</string>
			<key>name</key>
			<string>Beer.m</string>
			<key>path</key>
			<string>Beer.m</string>
			<key>sourceTree</key>
			<string>&lt;group&gt;</string>
		</dict>
		<key>3F07306A193CD20F007E1A3A</key>
		<dict>
			<key>fileRef</key>
			<string>3F073069193CD20F007E1A3A</string>
			<key>isa</key>
			<string>PBXBuildFile</string>
		</dict>
		<key>3F5DA122193E0B8800A7B3DF</key>
		<dict>
			<key>fileEncoding</key>
			<string>4</string>
			<key>isa</key>
			<string>PBXFileReference</string>
			<key>lastKnownFileType</key>
			<string>sourcecode.c.h</string>
			<key>path</key>
			<string>EuroCalculatorViewController.h</string>
			<key>sourceTree</key>
			<string>&lt;group&gt;</string>
		</dict>
		<key>3F5DA123193E0B8800A7B3DF</key>
		<dict>
			<key>fileEncoding</key>
			<string>4</string>
			<key>isa</key>
			<string>PBXFileReference</string>
			<key>lastKnownFileType</key>
			<string>sourcecode.c.objc</string>
			<key>path</key>
			<string>EuroCalculatorViewController.m</string>
			<key>sourceTree</key>
			<string>&lt;group&gt;</string>
		</dict>
		<key>3F5DA124193E0B8800A7B3DF</key>
		<dict>
			<key>fileRef</key>
			<string>3F5DA123193E0B8800A7B3DF</string>
			<key>isa</key>
			<string>PBXBuildFile</string>
		</dict>
		<key>3F5DA125193E0CB300A7B3DF</key>
		<dict>
			<key>fileEncoding</key>
			<string>4</string>
			<key>isa</key>
			<string>PBXFileReference</string>
			<key>lastKnownFileType</key>
			<string>sourcecode.c.h</string>
			<key>path</key>
			<string>EuroConverterViewController.h</string>
			<key>sourceTree</key>
			<string>&lt;group&gt;</string>
		</dict>
		<key>3F5DA126193E0CB300A7B3DF</key>
		<dict>
			<key>fileEncoding</key>
			<string>4</string>
			<key>isa</key>
			<string>PBXFileReference</string>
			<key>lastKnownFileType</key>
			<string>sourcecode.c.objc</string>
			<key>path</key>
			<string>EuroConverterViewController.m</string>
			<key>sourceTree</key>
			<string>&lt;group&gt;</string>
		</dict>
		<key>3F5DA127193E0CB300A7B3DF</key>
		<dict>
			<key>fileRef</key>
			<string>3F5DA126193E0CB300A7B3DF</string>
			<key>isa</key>
			<string>PBXBuildFile</string>
		</dict>
		<key>3FCB5DEA193F037E008A39B9</key>
		<dict>
			<key>children</key>
			<array>
				<string>3FF90AFA193E2C6C00598BBA</string>
				<string>3FF90AF8193E28CC00598BBA</string>
			</array>
			<key>isa</key>
			<string>PBXGroup</string>
			<key>name</key>
			<string>assets</string>
			<key>path</key>
			<string>assets</string>
			<key>sourceTree</key>
			<string>&lt;group&gt;</string>
		</dict>
		<key>3FF90AF5193E25CE00598BBA</key>
		<dict>
			<key>fileEncoding</key>
			<string>4</string>
			<key>isa</key>
			<string>PBXFileReference</string>
			<key>lastKnownFileType</key>
			<string>sourcecode.c.h</string>
			<key>path</key>
			<string>AlphaViewController.h</string>
			<key>sourceTree</key>
			<string>&lt;group&gt;</string>
		</dict>
		<key>3FF90AF6193E25CE00598BBA</key>
		<dict>
			<key>fileEncoding</key>
			<string>4</string>
			<key>isa</key>
			<string>PBXFileReference</string>
			<key>lastKnownFileType</key>
			<string>sourcecode.c.objc</string>
			<key>path</key>
			<string>AlphaViewController.m</string>
			<key>sourceTree</key>
			<string>&lt;group&gt;</string>
		</dict>
		<key>3FF90AF7193E25CE00598BBA</key>
		<dict>
			<key>fileRef</key>
			<string>3FF90AF6193E25CE00598BBA</string>
			<key>isa</key>
			<string>PBXBuildFile</string>
		</dict>
		<key>3FF90AF8193E28CC00598BBA</key>
		<dict>
			<key>isa</key>
			<string>PBXFileReference</string>
			<key>lastKnownFileType</key>
			<string>image.jpeg</string>
			<key>path</key>
			<string>Robert-Pattinson-Minion.jpg</string>
			<key>sourceTree</key>
			<string>&lt;group&gt;</string>
		</dict>
		<key>3FF90AF9193E28CC00598BBA</key>
		<dict>
			<key>fileRef</key>
			<string>3FF90AF8193E28CC00598BBA</string>
			<key>isa</key>
			<string>PBXBuildFile</string>
		</dict>
		<key>3FF90AFA193E2C6C00598BBA</key>
		<dict>
			<key>isa</key>
			<string>PBXFileReference</string>
			<key>lastKnownFileType</key>
			<string>image.jpeg</string>
			<key>path</key>
			<string>batman-cat-face.jpg</string>
			<key>sourceTree</key>
			<string>&lt;group&gt;</string>
		</dict>
		<key>3FF90AFB193E2C6C00598BBA</key>
		<dict>
			<key>fileRef</key>
			<string>3FF90AFA193E2C6C00598BBA</string>
			<key>isa</key>
			<string>PBXBuildFile</string>
		</dict>
	</dict>
	<key>rootObject</key>
	<string>3F07302E193CCFFD007E1A3A</string>
</dict>
</plist>
